
Microsoft Visual Studio Solution File, Format Version 12.00
# Visual Studio Version 17
VisualStudioVersion = 17.8.34525.116
MinimumVisualStudioVersion = 10.0.40219.1
Project("{FAE04EC0-301F-11D3-BF4B-00C04F79EFBC}") = "1154545", "1154545\1154545.csproj", "{6A950234-1919-4000-ABC5-ACDEBE15905D}"
EndProject
Global
	GlobalSection(SolutionConfigurationPlatforms) = preSolution
		Debug|Any CPU = Debug|Any CPU
		Release|Any CPU = Release|Any CPU
	EndGlobalSection
	GlobalSection(ProjectConfigurationPlatforms) = postSolution
		{6A950234-1919-4000-ABC5-ACDEBE15905D}.Debug|Any CPU.ActiveCfg = Debug|Any CPU
		{6A950234-1919-4000-ABC5-ACDEBE15905D}.Debug|Any CPU.Build.0 = Debug|Any CPU
		{6A950234-1919-4000-ABC5-ACDEBE15905D}.Release|Any CPU.ActiveCfg = Release|Any CPU
		{6A950234-1919-4000-ABC5-ACDEBE15905D}.Release|Any CPU.Build.0 = Release|Any CPU
	EndGlobalSection
	GlobalSection(SolutionProperties) = preSolution
		HideSolutionNode = FALSE
	EndGlobalSection
	GlobalSection(ExtensibilityGlobals) = postSolution
		SolutionGuid = {45A0B0DB-0969-48FC-928C-54BCC78CD361}
	EndGlobalSection
EndGlobal
